
Microsoft Visual Studio Solution File, Format Version 12.00
# Visual Studio Version 17
VisualStudioVersion = 17.14.36203.30 d17.14
MinimumVisualStudioVersion = 10.0.40219.1
Project("{FAE04EC0-301F-11D3-BF4B-00C04F79EFBC}") = "PRN_PE", "PRN_PE\PRN_PE.csproj", "{1D006057-4518-4D04-B64A-8AF4F0D88E72}"
EndProject
Global
	GlobalSection(SolutionConfigurationPlatforms) = preSolution
		Debug|Any CPU = Debug|Any CPU
		Release|Any CPU = Release|Any CPU
	EndGlobalSection
	GlobalSection(ProjectConfigurationPlatforms) = postSolution
		{1D006057-4518-4D04-B64A-8AF4F0D88E72}.Debug|Any CPU.ActiveCfg = Debug|Any CPU
		{1D006057-4518-4D04-B64A-8AF4F0D88E72}.Debug|Any CPU.Build.0 = Debug|Any CPU
		{1D006057-4518-4D04-B64A-8AF4F0D88E72}.Release|Any CPU.ActiveCfg = Release|Any CPU
		{1D006057-4518-4D04-B64A-8AF4F0D88E72}.Release|Any CPU.Build.0 = Release|Any CPU
	EndGlobalSection
	GlobalSection(SolutionProperties) = preSolution
		HideSolutionNode = FALSE
	EndGlobalSection
	GlobalSection(ExtensibilityGlobals) = postSolution
		SolutionGuid = {984D7639-715E-4C97-B508-D03F6DEC2E4F}
	EndGlobalSection
EndGlobal
